
Microsoft Visual Studio Solution File, Format Version 12.00
Project("{FAE04EC0-301F-11D3-BF4B-00C04F79EFBC}") = "SubscriberService", "SubscriberService.csproj", "{33B9EAF7-B232-4874-91AA-0E3DCF283059}"
EndProject
Global
	GlobalSection(SolutionConfigurationPlatforms) = preSolution
		Debug|Any CPU = Debug|Any CPU
		Release|Any CPU = Release|Any CPU
	EndGlobalSection
	GlobalSection(ProjectConfigurationPlatforms) = postSolution
		{33B9EAF7-B232-4874-91AA-0E3DCF283059}.Debug|Any CPU.ActiveCfg = Debug|Any CPU
		{33B9EAF7-B232-4874-91AA-0E3DCF283059}.Debug|Any CPU.Build.0 = Debug|Any CPU
		{33B9EAF7-B232-4874-91AA-0E3DCF283059}.Release|Any CPU.ActiveCfg = Release|Any CPU
		{33B9EAF7-B232-4874-91AA-0E3DCF283059}.Release|Any CPU.Build.0 = Release|Any CPU
	EndGlobalSection
EndGlobal
